
Microsoft Visual Studio Solution File, Format Version 12.00
# Visual Studio Version 17
VisualStudioVersion = 17.9.34728.123
MinimumVisualStudioVersion = 10.0.40219.1
Project("{9A19103F-16F7-4668-BE54-9A1E7A4F7556}") = "DogLib", "DogLib\DogLib.csproj", "{A804E0FB-9450-428B-B3F6-94A39B760DCD}"
EndProject
Project("{FAE04EC0-301F-11D3-BF4B-00C04F79EFBC}") = "DogLibTests", "DogLibTests\DogLibTests.csproj", "{6301C8FA-E415-45E1-8AF8-080E8EDA7A36}"
EndProject
Global
	GlobalSection(SolutionConfigurationPlatforms) = preSolution
		Debug|Any CPU = Debug|Any CPU
		Release|Any CPU = Release|Any CPU
	EndGlobalSection
	GlobalSection(ProjectConfigurationPlatforms) = postSolution
		{A804E0FB-9450-428B-B3F6-94A39B760DCD}.Debug|Any CPU.ActiveCfg = Debug|Any CPU
		{A804E0FB-9450-428B-B3F6-94A39B760DCD}.Debug|Any CPU.Build.0 = Debug|Any CPU
		{A804E0FB-9450-428B-B3F6-94A39B760DCD}.Release|Any CPU.ActiveCfg = Release|Any CPU
		{A804E0FB-9450-428B-B3F6-94A39B760DCD}.Release|Any CPU.Build.0 = Release|Any CPU
		{6301C8FA-E415-45E1-8AF8-080E8EDA7A36}.Debug|Any CPU.ActiveCfg = Debug|Any CPU
		{6301C8FA-E415-45E1-8AF8-080E8EDA7A36}.Debug|Any CPU.Build.0 = Debug|Any CPU
		{6301C8FA-E415-45E1-8AF8-080E8EDA7A36}.Release|Any CPU.ActiveCfg = Release|Any CPU
		{6301C8FA-E415-45E1-8AF8-080E8EDA7A36}.Release|Any CPU.Build.0 = Release|Any CPU
	EndGlobalSection
	GlobalSection(SolutionProperties) = preSolution
		HideSolutionNode = FALSE
	EndGlobalSection
	GlobalSection(ExtensibilityGlobals) = postSolution
		SolutionGuid = {4951CF0E-5020-4782-ABEA-62893D6737E2}
	EndGlobalSection
EndGlobal
